
Microsoft Visual Studio Solution File, Format Version 12.00
# Visual Studio Version 17
VisualStudioVersion = 17.9.34728.123
MinimumVisualStudioVersion = 10.0.40219.1
Project("{FAE04EC0-301F-11D3-BF4B-00C04F79EFBC}") = "Pokedex", "Pokedex\Pokedex.csproj", "{A0BC3DCA-FDC5-4302-9C06-896F8ECBF503}"
EndProject
Global
	GlobalSection(SolutionConfigurationPlatforms) = preSolution
		Debug|Any CPU = Debug|Any CPU
		Release|Any CPU = Release|Any CPU
	EndGlobalSection
	GlobalSection(ProjectConfigurationPlatforms) = postSolution
		{A0BC3DCA-FDC5-4302-9C06-896F8ECBF503}.Debug|Any CPU.ActiveCfg = Debug|Any CPU
		{A0BC3DCA-FDC5-4302-9C06-896F8ECBF503}.Debug|Any CPU.Build.0 = Debug|Any CPU
		{A0BC3DCA-FDC5-4302-9C06-896F8ECBF503}.Debug|Any CPU.Deploy.0 = Debug|Any CPU
		{A0BC3DCA-FDC5-4302-9C06-896F8ECBF503}.Release|Any CPU.ActiveCfg = Release|Any CPU
		{A0BC3DCA-FDC5-4302-9C06-896F8ECBF503}.Release|Any CPU.Build.0 = Release|Any CPU
		{A0BC3DCA-FDC5-4302-9C06-896F8ECBF503}.Release|Any CPU.Deploy.0 = Release|Any CPU
	EndGlobalSection
	GlobalSection(SolutionProperties) = preSolution
		HideSolutionNode = FALSE
	EndGlobalSection
	GlobalSection(ExtensibilityGlobals) = postSolution
		SolutionGuid = {A33AFF07-15F1-4913-972B-14B58BD368AD}
	EndGlobalSection
EndGlobal
